
Microsoft Visual Studio Solution File, Format Version 12.00
# Visual Studio Version 17
VisualStudioVersion = 17.3.32804.467
MinimumVisualStudioVersion = 10.0.40219.1
Project("{FAE04EC0-301F-11D3-BF4B-00C04F79EFBC}") = "PRestritos-Bloqueados", "PRestritos-Bloqueados\PRestritos-Bloqueados.csproj", "{FEBD8169-27B6-4EE2-B789-51E63F498083}"
EndProject
Global
	GlobalSection(SolutionConfigurationPlatforms) = preSolution
		Debug|Any CPU = Debug|Any CPU
		Release|Any CPU = Release|Any CPU
	EndGlobalSection
	GlobalSection(ProjectConfigurationPlatforms) = postSolution
		{FEBD8169-27B6-4EE2-B789-51E63F498083}.Debug|Any CPU.ActiveCfg = Debug|Any CPU
		{FEBD8169-27B6-4EE2-B789-51E63F498083}.Debug|Any CPU.Build.0 = Debug|Any CPU
		{FEBD8169-27B6-4EE2-B789-51E63F498083}.Release|Any CPU.ActiveCfg = Release|Any CPU
		{FEBD8169-27B6-4EE2-B789-51E63F498083}.Release|Any CPU.Build.0 = Release|Any CPU
	EndGlobalSection
	GlobalSection(SolutionProperties) = preSolution
		HideSolutionNode = FALSE
	EndGlobalSection
	GlobalSection(ExtensibilityGlobals) = postSolution
		SolutionGuid = {2AC192E1-DDE5-41E5-8DD2-61AE2E2C26DE}
	EndGlobalSection
EndGlobal
